// !$*UTF8*$!
{
	archiveVersion = 1;
	classes = {
	};
	objectVersion = 50;
	objects = {

/* Begin PBXBuildFile section */
		470D844126BCDA0000B201CE /* AppDelegate.swift in Sources */ = {isa = PBXBuildFile; fileRef = 470D844026BCDA0000B201CE /* AppDelegate.swift */; };
		470D844326BCDA0000B201CE /* SceneDelegate.swift in Sources */ = {isa = PBXBuildFile; fileRef = 470D844226BCDA0000B201CE /* SceneDelegate.swift */; };
		470D844526BCDA0000B201CE /* ViewController.swift in Sources */ = {isa = PBXBuildFile; fileRef = 470D844426BCDA0000B201CE /* ViewController.swift */; };
		470D844826BCDA0000B201CE /* Main.storyboard in Resources */ = {isa = PBXBuildFile; fileRef = 470D844626BCDA0000B201CE /* Main.storyboard */; };
		470D844A26BCDA0100B201CE /* Assets.xcassets in Resources */ = {isa = PBXBuildFile; fileRef = 470D844926BCDA0100B201CE /* Assets.xcassets */; };
		470D844D26BCDA0100B201CE /* LaunchScreen.storyboard in Resources */ = {isa = PBXBuildFile; fileRef = 470D844B26BCDA0100B201CE /* LaunchScreen.storyboard */; };
		470D845526BCDB7B00B201CE /* ViewModel.swift in Sources */ = {isa = PBXBuildFile; fileRef = 470D845426BCDB7B00B201CE /* ViewModel.swift */; };
		470D845726BCDB8700B201CE /* Model.swift in Sources */ = {isa = PBXBuildFile; fileRef = 470D845626BCDB8700B201CE /* Model.swift */; };
/* End PBXBuildFile section */

/* Begin PBXFileReference section */
		470D843D26BCDA0000B201CE /* NC-MVVM.app */ = {isa = PBXFileReference; explicitFileType = wrapper.application; includeInIndex = 0; path = "NC-MVVM.app"; sourceTree = BUILT_PRODUCTS_DIR; };
		470D844026BCDA0000B201CE /* AppDelegate.swift */ = {isa = PBXFileReference; lastKnownFileType = sourcecode.swift; path = AppDelegate.swift; sourceTree = "<group>"; };
		470D844226BCDA0000B201CE /* SceneDelegate.swift */ = {isa = PBXFileReference; lastKnownFileType = sourcecode.swift; path = SceneDelegate.swift; sourceTree = "<group>"; };
		470D844426BCDA0000B201CE /* ViewController.swift */ = {isa = PBXFileReference; lastKnownFileType = sourcecode.swift; path = ViewController.swift; sourceTree = "<group>"; };
		470D844726BCDA0000B201CE /* Base */ = {isa = PBXFileReference; lastKnownFileType = file.storyboard; name = Base; path = Base.lproj/Main.storyboard; sourceTree = "<group>"; };
		470D844926BCDA0100B201CE /* Assets.xcassets */ = {isa = PBXFileReference; lastKnownFileType = folder.assetcatalog; path = Assets.xcassets; sourceTree = "<group>"; };
		470D844C26BCDA0100B201CE /* Base */ = {isa = PBXFileReference; lastKnownFileType = file.storyboard; name = Base; path = Base.lproj/LaunchScreen.storyboard; sourceTree = "<group>"; };
		470D844E26BCDA0100B201CE /* Info.plist */ = {isa = PBXFileReference; lastKnownFileType = text.plist.xml; path = Info.plist; sourceTree = "<group>"; };
		470D845426BCDB7B00B201CE /* ViewModel.swift */ = {isa = PBXFileReference; lastKnownFileType = sourcecode.swift; path = ViewModel.swift; sourceTree = "<group>"; };
		470D845626BCDB8700B201CE /* Model.swift */ = {isa = PBXFileReference; lastKnownFileType = sourcecode.swift; path = Model.swift; sourceTree = "<group>"; };
/* End PBXFileReference section */

/* Begin PBXFrameworksBuildPhase section */
		470D843A26BCDA0000B201CE /* Frameworks */ = {
			isa = PBXFrameworksBuildPhase;
			buildActionMask = 2147483647;
			files = (
			);
			runOnlyForDeploymentPostprocessing = 0;
		};
/* End PBXFrameworksBuildPhase section */

/* Begin PBXGroup section */
		470D843426BCDA0000B201CE = {
			isa = PBXGroup;
			children = (
				470D843F26BCDA0000B201CE /* NC-MVVM */,
				470D843E26BCDA0000B201CE /* Products */,
			);
			sourceTree = "<group>";
		};
		470D843E26BCDA0000B201CE /* Products */ = {
			isa = PBXGroup;
			children = (
				470D843D26BCDA0000B201CE /* NC-MVVM.app */,
			);
			name = Products;
			sourceTree = "<group>";
		};
		470D843F26BCDA0000B201CE /* NC-MVVM */ = {
			isa = PBXGroup;
			children = (
				470D844026BCDA0000B201CE /* AppDelegate.swift */,
				470D844226BCDA0000B201CE /* SceneDelegate.swift */,
				470D844426BCDA0000B201CE /* ViewController.swift */,
				470D845426BCDB7B00B201CE /* ViewModel.swift */,
				470D845626BCDB8700B201CE /* Model.swift */,
				470D844626BCDA0000B201CE /* Main.storyboard */,
				470D844926BCDA0100B201CE /* Assets.xcassets */,
				470D844B26BCDA0100B201CE /* LaunchScreen.storyboard */,
				470D844E26BCDA0100B201CE /* Info.plist */,
			);
			path = "NC-MVVM";
			sourceTree = "<group>";
		};
/* End PBXGroup section */

/* Begin PBXNativeTarget section */
		470D843C26BCDA0000B201CE /* NC-MVVM */ = {
			isa = PBXNativeTarget;
			buildConfigurationList = 470D845126BCDA0100B201CE /* Build configuration list for PBXNativeTarget "NC-MVVM" */;
			buildPhases = (
				470D843926BCDA0000B201CE /* Sources */,
				470D843A26BCDA0000B201CE /* Frameworks */,
				470D843B26BCDA0000B201CE /* Resources */,
			);
			buildRules = (
			);
			dependencies = (
			);
			name = "NC-MVVM";
			productName = "NC-MVVM";
			productReference = 470D843D26BCDA0000B201CE /* NC-MVVM.app */;
			productType = "com.apple.product-type.application";
		};
/* End PBXNativeTarget section */

/* Begin PBXProject section */
		470D843526BCDA0000B201CE /* Project object */ = {
			isa = PBXProject;
			attributes = {
				LastSwiftUpdateCheck = 1250;
				LastUpgradeCheck = 1250;
				TargetAttributes = {
					470D843C26BCDA0000B201CE = {
						CreatedOnToolsVersion = 12.5.1;
					};
				};
			};
			buildConfigurationList = 470D843826BCDA0000B201CE /* Build configuration list for PBXProject "NC-MVVM" */;
			compatibilityVersion = "Xcode 9.3";
			developmentRegion = en;
			hasScannedForEncodings = 0;
			knownRegions = (
				en,
				Base,
			);
			mainGroup = 470D843426BCDA0000B201CE;
			productRefGroup = 470D843E26BCDA0000B201CE /* Products */;
			projectDirPath = "";
			projectRoot = "";
			targets = (
				470D843C26BCDA0000B201CE /* NC-MVVM */,
			);
		};
/* End PBXProject section */

/* Begin PBXResourcesBuildPhase section */
		470D843B26BCDA0000B201CE /* Resources */ = {
			isa = PBXResourcesBuildPhase;
			buildActionMask = 2147483647;
			files = (
				470D844D26BCDA0100B201CE /* LaunchScreen.storyboard in Resources */,
				470D844A26BCDA0100B201CE /* Assets.xcassets in Resources */,
				470D844826BCDA0000B201CE /* Main.storyboard in Resources */,
			);
			runOnlyForDeploymentPostprocessing = 0;
		};
/* End PBXResourcesBuildPhase section */

/* Begin PBXSourcesBuildPhase section */
		470D843926BCDA0000B201CE /* Sources */ = {
			isa = PBXSourcesBuildPhase;
			buildActionMask = 2147483647;
			files = (
				470D845726BCDB8700B201CE /* Model.swift in Sources */,
				470D844526BCDA0000B201CE /* ViewController.swift in Sources */,
				470D844126BCDA0000B201CE /* AppDelegate.swift in Sources */,
				470D845526BCDB7B00B201CE /* ViewModel.swift in Sources */,
				470D844326BCDA0000B201CE /* SceneDelegate.swift in Sources */,
			);
			runOnlyForDeploymentPostprocessing = 0;
		};
/* End PBXSourcesBuildPhase section */

/* Begin PBXVariantGroup section */
		470D844626BCDA0000B201CE /* Main.storyboard */ = {
			isa = PBXVariantGroup;
			children = (
				470D844726BCDA0000B201CE /* Base */,
			);
			name = Main.storyboard;
			sourceTree = "<group>";
		};
		470D844B26BCDA0100B201CE /* LaunchScreen.storyboard */ = {
			isa = PBXVariantGroup;
			children = (
				470D844C26BCDA0100B201CE /* Base */,
			);
			name = LaunchScreen.storyboard;
			sourceTree = "<group>";
		};
/* End PBXVariantGroup section */

/* Begin XCBuildConfiguration section */
		470D844F26BCDA0100B201CE /* Debug */ = {
			isa = XCBuildConfiguration;
			buildSettings = {
				ALWAYS_SEARCH_USER_PATHS = NO;
				CLANG_ANALYZER_NONNULL = YES;
				CLANG_ANALYZER_NUMBER_OBJECT_CONVERSION = YES_AGGRESSIVE;
				CLANG_CXX_LANGUAGE_STANDARD = "gnu++14";
				CLANG_CXX_LIBRARY = "libc++";
				CLANG_ENABLE_MODULES = YES;
				CLANG_ENABLE_OBJC_ARC = YES;
				CLANG_ENABLE_OBJC_WEAK = YES;
				CLANG_WARN_BLOCK_CAPTURE_AUTORELEASING = YES;
				CLANG_WARN_BOOL_CONVERSION = YES;
				CLANG_WARN_COMMA = YES;
				CLANG_WARN_CONSTANT_CONVERSION = YES;
				CLANG_WARN_DEPRECATED_OBJC_IMPLEMENTATIONS = YES;
				CLANG_WARN_DIRECT_OBJC_ISA_USAGE = YES_ERROR;
				CLANG_WARN_DOCUMENTATION_COMMENTS = YES;
				CLANG_WARN_EMPTY_BODY = YES;
				CLANG_WARN_ENUM_CONVERSION = YES;
				CLANG_WARN_INFINITE_RECURSION = YES;
				CLANG_WARN_INT_CONVERSION = YES;
				CLANG_WARN_NON_LITERAL_NULL_CONVERSION = YES;
				CLANG_WARN_OBJC_IMPLICIT_RETAIN_SELF = YES;
				CLANG_WARN_OBJC_LITERAL_CONVERSION = YES;
				CLANG_WARN_OBJC_ROOT_CLASS = YES_ERROR;
				CLANG_WARN_QUOTED_INCLUDE_IN_FRAMEWORK_HEADER = YES;
				CLANG_WARN_RANGE_LOOP_ANALYSIS = YES;
				CLANG_WARN_STRICT_PROTOTYPES = YES;
				CLANG_WARN_SUSPICIOUS_MOVE = YES;
				CLANG_WARN_UNGUARDED_AVAILABILITY = YES_AGGRESSIVE;
				CLANG_WARN_UNREACHABLE_CODE = YES;
				CLANG_WARN__DUPLICATE_METHOD_MATCH = YES;
				COPY_PHASE_STRIP = NO;
				DEBUG_INFORMATION_FORMAT = dwarf;
				ENABLE_STRICT_OBJC_MSGSEND = YES;
				ENABLE_TESTABILITY = YES;
				GCC_C_LANGUAGE_STANDARD = gnu11;
				GCC_DYNAMIC_NO_PIC = NO;
				GCC_NO_COMMON_BLOCKS = YES;
				GCC_OPTIMIZATION_LEVEL = 0;
				GCC_PREPROCESSOR_DEFINITIONS = (
					"DEBUG=1",
					"$(inherited)",
				);
				GCC_WARN_64_TO_32_BIT_CONVERSION = YES;
				GCC_WARN_ABOUT_RETURN_TYPE = YES_ERROR;
				GCC_WARN_UNDECLARED_SELECTOR = YES;
				GCC_WARN_UNINITIALIZED_AUTOS = YES_AGGRESSIVE;
				GCC_WARN_UNUSED_FUNCTION = YES;
				GCC_WARN_UNUSED_VARIABLE = YES;
				IPHONEOS_DEPLOYMENT_TARGET = 14.5;
				MTL_ENABLE_DEBUG_INFO = INCLUDE_SOURCE;
				MTL_FAST_MATH = YES;
				ONLY_ACTIVE_ARCH = YES;
				SDKROOT = iphoneos;
				SWIFT_ACTIVE_COMPILATION_CONDITIONS = DEBUG;
				SWIFT_OPTIMIZATION_LEVEL = "-Onone";
			};
			name = Debug;
		};
		470D845026BCDA0100B201CE /* Release */ = {
			isa = XCBuildConfiguration;
			buildSettings = {
				ALWAYS_SEARCH_USER_PATHS = NO;
				CLANG_ANALYZER_NONNULL = YES;
				CLANG_ANALYZER_NUMBER_OBJECT_CONVERSION = YES_AGGRESSIVE;
				CLANG_CXX_LANGUAGE_STANDARD = "gnu++14";
				CLANG_CXX_LIBRARY = "libc++";
				CLANG_ENABLE_MODULES = YES;
				CLANG_ENABLE_OBJC_ARC = YES;
				CLANG_ENABLE_OBJC_WEAK = YES;
				CLANG_WARN_BLOCK_CAPTURE_AUTORELEASING = YES;
				CLANG_WARN_BOOL_CONVERSION = YES;
				CLANG_WARN_COMMA = YES;
				CLANG_WARN_CONSTANT_CONVERSION = YES;
				CLANG_WARN_DEPRECATED_OBJC_IMPLEMENTATIONS = YES;
				CLANG_WARN_DIRECT_OBJC_ISA_USAGE = YES_ERROR;
				CLANG_WARN_DOCUMENTATION_COMMENTS = YES;
				CLANG_WARN_EMPTY_BODY = YES;
				CLANG_WARN_ENUM_CONVERSION = YES;
				CLANG_WARN_INFINITE_RECURSION = YES;
				CLANG_WARN_INT_CONVERSION = YES;
				CLANG_WARN_NON_LITERAL_NULL_CONVERSION = YES;
				CLANG_WARN_OBJC_IMPLICIT_RETAIN_SELF = YES;
				CLANG_WARN_OBJC_LITERAL_CONVERSION = YES;
				CLANG_WARN_OBJC_ROOT_CLASS = YES_ERROR;
				CLANG_WARN_QUOTED_INCLUDE_IN_FRAMEWORK_HEADER = YES;
				CLANG_WARN_RANGE_LOOP_ANALYSIS = YES;
				CLANG_WARN_STRICT_PROTOTYPES = YES;
				CLANG_WARN_SUSPICIOUS_MOVE = YES;
				CLANG_WARN_UNGUARDED_AVAILABILITY = YES_AGGRESSIVE;
				CLANG_WARN_UNREACHABLE_CODE = YES;
				CLANG_WARN__DUPLICATE_METHOD_MATCH = YES;
				COPY_PHASE_STRIP = NO;
				DEBUG_INFORMATION_FORMAT = "dwarf-with-dsym";
				ENABLE_NS_ASSERTIONS = NO;
				ENABLE_STRICT_OBJC_MSGSEND = YES;
				GCC_C_LANGUAGE_STANDARD = gnu11;
				GCC_NO_COMMON_BLOCKS = YES;
				GCC_WARN_64_TO_32_BIT_CONVERSION = YES;
				GCC_WARN_ABOUT_RETURN_TYPE = YES_ERROR;
				GCC_WARN_UNDECLARED_SELECTOR = YES;
				GCC_WARN_UNINITIALIZED_AUTOS = YES_AGGRESSIVE;
				GCC_WARN_UNUSED_FUNCTION = YES;
				GCC_WARN_UNUSED_VARIABLE = YES;
				IPHONEOS_DEPLOYMENT_TARGET = 14.5;
				MTL_ENABLE_DEBUG_INFO = NO;
				MTL_FAST_MATH = YES;
				SDKROOT = iphoneos;
				SWIFT_COMPILATION_MODE = wholemodule;
				SWIFT_OPTIMIZATION_LEVEL = "-O";
				VALIDATE_PRODUCT = YES;
			};
			name = Release;
		};
		470D845226BCDA0100B201CE /* Debug */ = {
			isa = XCBuildConfiguration;
			buildSettings = {
				ASSETCATALOG_COMPILER_APPICON_NAME = AppIcon;
				ASSETCATALOG_COMPILER_GLOBAL_ACCENT_COLOR_NAME = AccentColor;
				CODE_SIGN_STYLE = Automatic;
				DEVELOPMENT_TEAM = HAMLUR4PQA;
				INFOPLIST_FILE = "NC-MVVM/Info.plist";
				LD_RUNPATH_SEARCH_PATHS = (
					"$(inherited)",
					"@executable_path/Frameworks",
				);
				PRODUCT_BUNDLE_IDENTIFIER = "com.kyohei.NC-MVVM";
				PRODUCT_NAME = "$(TARGET_NAME)";
				SWIFT_VERSION = 5.0;
				TARGETED_DEVICE_FAMILY = 1;
			};
			name = Debug;
		};
		470D845326BCDA0100B201CE /* Release */ = {
			isa = XCBuildConfiguration;
			buildSettings = {
				ASSETCATALOG_COMPILER_APPICON_NAME = AppIcon;
				ASSETCATALOG_COMPILER_GLOBAL_ACCENT_COLOR_NAME = AccentColor;
				CODE_SIGN_STYLE = Automatic;
				DEVELOPMENT_TEAM = HAMLUR4PQA;
				INFOPLIST_FILE = "NC-MVVM/Info.plist";
				LD_RUNPATH_SEARCH_PATHS = (
					"$(inherited)",
					"@executable_path/Frameworks",
				);
				PRODUCT_BUNDLE_IDENTIFIER = "com.kyohei.NC-MVVM";
				PRODUCT_NAME = "$(TARGET_NAME)";
				SWIFT_VERSION = 5.0;
				TARGETED_DEVICE_FAMILY = 1;
			};
			name = Release;
		};
/* End XCBuildConfiguration section */

/* Begin XCConfigurationList section */
		470D843826BCDA0000B201CE /* Build configuration list for PBXProject "NC-MVVM" */ = {
			isa = XCConfigurationList;
			buildConfigurations = (
				470D844F26BCDA0100B201CE /* Debug */,
				470D845026BCDA0100B201CE /* Release */,
			);
			defaultConfigurationIsVisible = 0;
			defaultConfigurationName = Release;
		};
		470D845126BCDA0100B201CE /* Build configuration list for PBXNativeTarget "NC-MVVM" */ = {
			isa = XCConfigurationList;
			buildConfigurations = (
				470D845226BCDA0100B201CE /* Debug */,
				470D845326BCDA0100B201CE /* Release */,
			);
			defaultConfigurationIsVisible = 0;
			defaultConfigurationName = Release;
		};
/* End XCConfigurationList section */
	};
	rootObject = 470D843526BCDA0000B201CE /* Project object */;
}
